
Microsoft Visual Studio Solution File, Format Version 12.00
# Visual Studio 15
VisualStudioVersion = 15.0.28307.572
MinimumVisualStudioVersion = 10.0.40219.1
Project("{9A19103F-16F7-4668-BE54-9A1E7A4F7556}") = "ApiCliente", "ApiCliente\ApiCliente.csproj", "{6AFFF05D-ACDA-47DA-AD7D-E0686AB7031D}"
EndProject
Project("{9A19103F-16F7-4668-BE54-9A1E7A4F7556}") = "VerdadeConsequencia", "VerdadeConsequencia\VerdadeConsequencia.csproj", "{58BDBBC6-D939-4C03-A9BB-7CD9676ABEB2}"
EndProject
Project("{9A19103F-16F7-4668-BE54-9A1E7A4F7556}") = "JwtCore", "JwtCore\JwtCore.csproj", "{89D41F0F-E219-440B-BC8A-C29B173FB148}"
EndProject
Project("{9A19103F-16F7-4668-BE54-9A1E7A4F7556}") = "WebCliente", "WebCliente\WebCliente.csproj", "{AE981B38-65E3-40E0-9913-D1B760020DD2}"
EndProject
Global
	GlobalSection(SolutionConfigurationPlatforms) = preSolution
		Debug|Any CPU = Debug|Any CPU
		Release|Any CPU = Release|Any CPU
	EndGlobalSection
	GlobalSection(ProjectConfigurationPlatforms) = postSolution
		{6AFFF05D-ACDA-47DA-AD7D-E0686AB7031D}.Debug|Any CPU.ActiveCfg = Debug|Any CPU
		{6AFFF05D-ACDA-47DA-AD7D-E0686AB7031D}.Debug|Any CPU.Build.0 = Debug|Any CPU
		{6AFFF05D-ACDA-47DA-AD7D-E0686AB7031D}.Release|Any CPU.ActiveCfg = Release|Any CPU
		{6AFFF05D-ACDA-47DA-AD7D-E0686AB7031D}.Release|Any CPU.Build.0 = Release|Any CPU
		{58BDBBC6-D939-4C03-A9BB-7CD9676ABEB2}.Debug|Any CPU.ActiveCfg = Debug|Any CPU
		{58BDBBC6-D939-4C03-A9BB-7CD9676ABEB2}.Debug|Any CPU.Build.0 = Debug|Any CPU
		{58BDBBC6-D939-4C03-A9BB-7CD9676ABEB2}.Release|Any CPU.ActiveCfg = Release|Any CPU
		{58BDBBC6-D939-4C03-A9BB-7CD9676ABEB2}.Release|Any CPU.Build.0 = Release|Any CPU
		{89D41F0F-E219-440B-BC8A-C29B173FB148}.Debug|Any CPU.ActiveCfg = Debug|Any CPU
		{89D41F0F-E219-440B-BC8A-C29B173FB148}.Debug|Any CPU.Build.0 = Debug|Any CPU
		{89D41F0F-E219-440B-BC8A-C29B173FB148}.Release|Any CPU.ActiveCfg = Release|Any CPU
		{89D41F0F-E219-440B-BC8A-C29B173FB148}.Release|Any CPU.Build.0 = Release|Any CPU
		{AE981B38-65E3-40E0-9913-D1B760020DD2}.Debug|Any CPU.ActiveCfg = Debug|Any CPU
		{AE981B38-65E3-40E0-9913-D1B760020DD2}.Debug|Any CPU.Build.0 = Debug|Any CPU
		{AE981B38-65E3-40E0-9913-D1B760020DD2}.Release|Any CPU.ActiveCfg = Release|Any CPU
		{AE981B38-65E3-40E0-9913-D1B760020DD2}.Release|Any CPU.Build.0 = Release|Any CPU
	EndGlobalSection
	GlobalSection(SolutionProperties) = preSolution
		HideSolutionNode = FALSE
	EndGlobalSection
	GlobalSection(ExtensibilityGlobals) = postSolution
		SolutionGuid = {AE135092-49AC-4988-996D-C9B8CDC36B9F}
	EndGlobalSection
EndGlobal
